// !$*UTF8*$!
{
	archiveVersion = 1;
	classes = {
	};
	objectVersion = 55;
	objects = {

/* Begin PBXBuildFile section */
		EDD2B4BD2912E9250008F465 /* CommentsApp.swift in Sources */ = {isa = PBXBuildFile; fileRef = EDD2B4BC2912E9250008F465 /* CommentsApp.swift */; };
		EDD2B4BF2912E9250008F465 /* ContentView.swift in Sources */ = {isa = PBXBuildFile; fileRef = EDD2B4BE2912E9250008F465 /* ContentView.swift */; };
		EDD2B4C12912E9270008F465 /* Assets.xcassets in Resources */ = {isa = PBXBuildFile; fileRef = EDD2B4C02912E9270008F465 /* Assets.xcassets */; };
		EDD2B4C42912E9270008F465 /* Preview Assets.xcassets in Resources */ = {isa = PBXBuildFile; fileRef = EDD2B4C32912E9270008F465 /* Preview Assets.xcassets */; };
		EDD2B4DA29130EA20008F465 /* CommentModel.swift in Sources */ = {isa = PBXBuildFile; fileRef = EDD2B4D929130EA20008F465 /* CommentModel.swift */; };
		EDD2B4DE29130EF00008F465 /* CommentViewModel.swift in Sources */ = {isa = PBXBuildFile; fileRef = EDD2B4DD29130EF00008F465 /* CommentViewModel.swift */; };
		EDD2B4E229130F5B0008F465 /* APIManager.swift in Sources */ = {isa = PBXBuildFile; fileRef = EDD2B4E129130F5B0008F465 /* APIManager.swift */; };
		EDD2B4E429130FE00008F465 /* CommentView.swift in Sources */ = {isa = PBXBuildFile; fileRef = EDD2B4E329130FE00008F465 /* CommentView.swift */; };
		EDD2B4E72913104B0008F465 /* Common.swift in Sources */ = {isa = PBXBuildFile; fileRef = EDD2B4E62913104B0008F465 /* Common.swift */; };
/* End PBXBuildFile section */

/* Begin PBXFileReference section */
		EDD2B4B92912E9250008F465 /* Comments.app */ = {isa = PBXFileReference; explicitFileType = wrapper.application; includeInIndex = 0; path = Comments.app; sourceTree = BUILT_PRODUCTS_DIR; };
		EDD2B4BC2912E9250008F465 /* CommentsApp.swift */ = {isa = PBXFileReference; lastKnownFileType = sourcecode.swift; path = CommentsApp.swift; sourceTree = "<group>"; };
		EDD2B4BE2912E9250008F465 /* ContentView.swift */ = {isa = PBXFileReference; lastKnownFileType = sourcecode.swift; path = ContentView.swift; sourceTree = "<group>"; };
		EDD2B4C02912E9270008F465 /* Assets.xcassets */ = {isa = PBXFileReference; lastKnownFileType = folder.assetcatalog; path = Assets.xcassets; sourceTree = "<group>"; };
		EDD2B4C32912E9270008F465 /* Preview Assets.xcassets */ = {isa = PBXFileReference; lastKnownFileType = folder.assetcatalog; path = "Preview Assets.xcassets"; sourceTree = "<group>"; };
		EDD2B4D929130EA20008F465 /* CommentModel.swift */ = {isa = PBXFileReference; lastKnownFileType = sourcecode.swift; path = CommentModel.swift; sourceTree = "<group>"; };
		EDD2B4DD29130EF00008F465 /* CommentViewModel.swift */ = {isa = PBXFileReference; lastKnownFileType = sourcecode.swift; path = CommentViewModel.swift; sourceTree = "<group>"; };
		EDD2B4E129130F5B0008F465 /* APIManager.swift */ = {isa = PBXFileReference; lastKnownFileType = sourcecode.swift; path = APIManager.swift; sourceTree = "<group>"; };
		EDD2B4E329130FE00008F465 /* CommentView.swift */ = {isa = PBXFileReference; lastKnownFileType = sourcecode.swift; path = CommentView.swift; sourceTree = "<group>"; };
		EDD2B4E62913104B0008F465 /* Common.swift */ = {isa = PBXFileReference; lastKnownFileType = sourcecode.swift; path = Common.swift; sourceTree = "<group>"; };
/* End PBXFileReference section */

/* Begin PBXFrameworksBuildPhase section */
		EDD2B4B62912E9250008F465 /* Frameworks */ = {
			isa = PBXFrameworksBuildPhase;
			buildActionMask = 2147483647;
			files = (
			);
			runOnlyForDeploymentPostprocessing = 0;
		};
/* End PBXFrameworksBuildPhase section */

/* Begin PBXGroup section */
		EDD2B4B02912E9250008F465 = {
			isa = PBXGroup;
			children = (
				EDD2B4BB2912E9250008F465 /* Comments */,
				EDD2B4BA2912E9250008F465 /* Products */,
			);
			sourceTree = "<group>";
		};
		EDD2B4BA2912E9250008F465 /* Products */ = {
			isa = PBXGroup;
			children = (
				EDD2B4B92912E9250008F465 /* Comments.app */,
			);
			name = Products;
			sourceTree = "<group>";
		};
		EDD2B4BB2912E9250008F465 /* Comments */ = {
			isa = PBXGroup;
			children = (
				EDD2B4BC2912E9250008F465 /* CommentsApp.swift */,
				EDD2B4E52913103C0008F465 /* Helper */,
				EDD2B4DF29130F0D0008F465 /* View */,
				EDD2B4DC29130EC50008F465 /* ViewModel */,
				EDD2B4DB29130EA60008F465 /* Model */,
				EDD2B4E029130F2B0008F465 /* APIManager */,
				EDD2B4C02912E9270008F465 /* Assets.xcassets */,
				EDD2B4C22912E9270008F465 /* Preview Content */,
			);
			path = Comments;
			sourceTree = "<group>";
		};
		EDD2B4C22912E9270008F465 /* Preview Content */ = {
			isa = PBXGroup;
			children = (
				EDD2B4C32912E9270008F465 /* Preview Assets.xcassets */,
			);
			path = "Preview Content";
			sourceTree = "<group>";
		};
		EDD2B4DB29130EA60008F465 /* Model */ = {
			isa = PBXGroup;
			children = (
				EDD2B4D929130EA20008F465 /* CommentModel.swift */,
			);
			path = Model;
			sourceTree = "<group>";
		};
		EDD2B4DC29130EC50008F465 /* ViewModel */ = {
			isa = PBXGroup;
			children = (
				EDD2B4DD29130EF00008F465 /* CommentViewModel.swift */,
			);
			path = ViewModel;
			sourceTree = "<group>";
		};
		EDD2B4DF29130F0D0008F465 /* View */ = {
			isa = PBXGroup;
			children = (
				EDD2B4BE2912E9250008F465 /* ContentView.swift */,
				EDD2B4E329130FE00008F465 /* CommentView.swift */,
			);
			path = View;
			sourceTree = "<group>";
		};
		EDD2B4E029130F2B0008F465 /* APIManager */ = {
			isa = PBXGroup;
			children = (
				EDD2B4E129130F5B0008F465 /* APIManager.swift */,
			);
			path = APIManager;
			sourceTree = "<group>";
		};
		EDD2B4E52913103C0008F465 /* Helper */ = {
			isa = PBXGroup;
			children = (
				EDD2B4E62913104B0008F465 /* Common.swift */,
			);
			path = Helper;
			sourceTree = "<group>";
		};
/* End PBXGroup section */

/* Begin PBXNativeTarget section */
		EDD2B4B82912E9250008F465 /* Comments */ = {
			isa = PBXNativeTarget;
			buildConfigurationList = EDD2B4C72912E9270008F465 /* Build configuration list for PBXNativeTarget "Comments" */;
			buildPhases = (
				EDD2B4B52912E9250008F465 /* Sources */,
				EDD2B4B62912E9250008F465 /* Frameworks */,
				EDD2B4B72912E9250008F465 /* Resources */,
			);
			buildRules = (
			);
			dependencies = (
			);
			name = Comments;
			productName = Comments;
			productReference = EDD2B4B92912E9250008F465 /* Comments.app */;
			productType = "com.apple.product-type.application";
		};
/* End PBXNativeTarget section */

/* Begin PBXProject section */
		EDD2B4B12912E9250008F465 /* Project object */ = {
			isa = PBXProject;
			attributes = {
				BuildIndependentTargetsInParallel = 1;
				LastSwiftUpdateCheck = 1310;
				LastUpgradeCheck = 1310;
				TargetAttributes = {
					EDD2B4B82912E9250008F465 = {
						CreatedOnToolsVersion = 13.1;
					};
				};
			};
			buildConfigurationList = EDD2B4B42912E9250008F465 /* Build configuration list for PBXProject "Comments" */;
			compatibilityVersion = "Xcode 13.0";
			developmentRegion = en;
			hasScannedForEncodings = 0;
			knownRegions = (
				en,
				Base,
			);
			mainGroup = EDD2B4B02912E9250008F465;
			productRefGroup = EDD2B4BA2912E9250008F465 /* Products */;
			projectDirPath = "";
			projectRoot = "";
			targets = (
				EDD2B4B82912E9250008F465 /* Comments */,
			);
		};
/* End PBXProject section */

/* Begin PBXResourcesBuildPhase section */
		EDD2B4B72912E9250008F465 /* Resources */ = {
			isa = PBXResourcesBuildPhase;
			buildActionMask = 2147483647;
			files = (
				EDD2B4C42912E9270008F465 /* Preview Assets.xcassets in Resources */,
				EDD2B4C12912E9270008F465 /* Assets.xcassets in Resources */,
			);
			runOnlyForDeploymentPostprocessing = 0;
		};
/* End PBXResourcesBuildPhase section */

/* Begin PBXSourcesBuildPhase section */
		EDD2B4B52912E9250008F465 /* Sources */ = {
			isa = PBXSourcesBuildPhase;
			buildActionMask = 2147483647;
			files = (
				EDD2B4E429130FE00008F465 /* CommentView.swift in Sources */,
				EDD2B4DE29130EF00008F465 /* CommentViewModel.swift in Sources */,
				EDD2B4BF2912E9250008F465 /* ContentView.swift in Sources */,
				EDD2B4E229130F5B0008F465 /* APIManager.swift in Sources */,
				EDD2B4DA29130EA20008F465 /* CommentModel.swift in Sources */,
				EDD2B4BD2912E9250008F465 /* CommentsApp.swift in Sources */,
				EDD2B4E72913104B0008F465 /* Common.swift in Sources */,
			);
			runOnlyForDeploymentPostprocessing = 0;
		};
/* End PBXSourcesBuildPhase section */

/* Begin XCBuildConfiguration section */
		EDD2B4C52912E9270008F465 /* Debug */ = {
			isa = XCBuildConfiguration;
			buildSettings = {
				ALWAYS_SEARCH_USER_PATHS = NO;
				CLANG_ANALYZER_NONNULL = YES;
				CLANG_ANALYZER_NUMBER_OBJECT_CONVERSION = YES_AGGRESSIVE;
				CLANG_CXX_LANGUAGE_STANDARD = "gnu++17";
				CLANG_CXX_LIBRARY = "libc++";
				CLANG_ENABLE_MODULES = YES;
				CLANG_ENABLE_OBJC_ARC = YES;
				CLANG_ENABLE_OBJC_WEAK = YES;
				CLANG_WARN_BLOCK_CAPTURE_AUTORELEASING = YES;
				CLANG_WARN_BOOL_CONVERSION = YES;
				CLANG_WARN_COMMA = YES;
				CLANG_WARN_CONSTANT_CONVERSION = YES;
				CLANG_WARN_DEPRECATED_OBJC_IMPLEMENTATIONS = YES;
				CLANG_WARN_DIRECT_OBJC_ISA_USAGE = YES_ERROR;
				CLANG_WARN_DOCUMENTATION_COMMENTS = YES;
				CLANG_WARN_EMPTY_BODY = YES;
				CLANG_WARN_ENUM_CONVERSION = YES;
				CLANG_WARN_INFINITE_RECURSION = YES;
				CLANG_WARN_INT_CONVERSION = YES;
				CLANG_WARN_NON_LITERAL_NULL_CONVERSION = YES;
				CLANG_WARN_OBJC_IMPLICIT_RETAIN_SELF = YES;
				CLANG_WARN_OBJC_LITERAL_CONVERSION = YES;
				CLANG_WARN_OBJC_ROOT_CLASS = YES_ERROR;
				CLANG_WARN_QUOTED_INCLUDE_IN_FRAMEWORK_HEADER = YES;
				CLANG_WARN_RANGE_LOOP_ANALYSIS = YES;
				CLANG_WARN_STRICT_PROTOTYPES = YES;
				CLANG_WARN_SUSPICIOUS_MOVE = YES;
				CLANG_WARN_UNGUARDED_AVAILABILITY = YES_AGGRESSIVE;
				CLANG_WARN_UNREACHABLE_CODE = YES;
				CLANG_WARN__DUPLICATE_METHOD_MATCH = YES;
				COPY_PHASE_STRIP = NO;
				DEBUG_INFORMATION_FORMAT = dwarf;
				ENABLE_STRICT_OBJC_MSGSEND = YES;
				ENABLE_TESTABILITY = YES;
				GCC_C_LANGUAGE_STANDARD = gnu11;
				GCC_DYNAMIC_NO_PIC = NO;
				GCC_NO_COMMON_BLOCKS = YES;
				GCC_OPTIMIZATION_LEVEL = 0;
				GCC_PREPROCESSOR_DEFINITIONS = (
					"DEBUG=1",
					"$(inherited)",
				);
				GCC_WARN_64_TO_32_BIT_CONVERSION = YES;
				GCC_WARN_ABOUT_RETURN_TYPE = YES_ERROR;
				GCC_WARN_UNDECLARED_SELECTOR = YES;
				GCC_WARN_UNINITIALIZED_AUTOS = YES_AGGRESSIVE;
				GCC_WARN_UNUSED_FUNCTION = YES;
				GCC_WARN_UNUSED_VARIABLE = YES;
				IPHONEOS_DEPLOYMENT_TARGET = 15.0;
				MTL_ENABLE_DEBUG_INFO = INCLUDE_SOURCE;
				MTL_FAST_MATH = YES;
				ONLY_ACTIVE_ARCH = YES;
				SDKROOT = iphoneos;
				SWIFT_ACTIVE_COMPILATION_CONDITIONS = DEBUG;
				SWIFT_OPTIMIZATION_LEVEL = "-Onone";
			};
			name = Debug;
		};
		EDD2B4C62912E9270008F465 /* Release */ = {
			isa = XCBuildConfiguration;
			buildSettings = {
				ALWAYS_SEARCH_USER_PATHS = NO;
				CLANG_ANALYZER_NONNULL = YES;
				CLANG_ANALYZER_NUMBER_OBJECT_CONVERSION = YES_AGGRESSIVE;
				CLANG_CXX_LANGUAGE_STANDARD = "gnu++17";
				CLANG_CXX_LIBRARY = "libc++";
				CLANG_ENABLE_MODULES = YES;
				CLANG_ENABLE_OBJC_ARC = YES;
				CLANG_ENABLE_OBJC_WEAK = YES;
				CLANG_WARN_BLOCK_CAPTURE_AUTORELEASING = YES;
				CLANG_WARN_BOOL_CONVERSION = YES;
				CLANG_WARN_COMMA = YES;
				CLANG_WARN_CONSTANT_CONVERSION = YES;
				CLANG_WARN_DEPRECATED_OBJC_IMPLEMENTATIONS = YES;
				CLANG_WARN_DIRECT_OBJC_ISA_USAGE = YES_ERROR;
				CLANG_WARN_DOCUMENTATION_COMMENTS = YES;
				CLANG_WARN_EMPTY_BODY = YES;
				CLANG_WARN_ENUM_CONVERSION = YES;
				CLANG_WARN_INFINITE_RECURSION = YES;
				CLANG_WARN_INT_CONVERSION = YES;
				CLANG_WARN_NON_LITERAL_NULL_CONVERSION = YES;
				CLANG_WARN_OBJC_IMPLICIT_RETAIN_SELF = YES;
				CLANG_WARN_OBJC_LITERAL_CONVERSION = YES;
				CLANG_WARN_OBJC_ROOT_CLASS = YES_ERROR;
				CLANG_WARN_QUOTED_INCLUDE_IN_FRAMEWORK_HEADER = YES;
				CLANG_WARN_RANGE_LOOP_ANALYSIS = YES;
				CLANG_WARN_STRICT_PROTOTYPES = YES;
				CLANG_WARN_SUSPICIOUS_MOVE = YES;
				CLANG_WARN_UNGUARDED_AVAILABILITY = YES_AGGRESSIVE;
				CLANG_WARN_UNREACHABLE_CODE = YES;
				CLANG_WARN__DUPLICATE_METHOD_MATCH = YES;
				COPY_PHASE_STRIP = NO;
				DEBUG_INFORMATION_FORMAT = "dwarf-with-dsym";
				ENABLE_NS_ASSERTIONS = NO;
				ENABLE_STRICT_OBJC_MSGSEND = YES;
				GCC_C_LANGUAGE_STANDARD = gnu11;
				GCC_NO_COMMON_BLOCKS = YES;
				GCC_WARN_64_TO_32_BIT_CONVERSION = YES;
				GCC_WARN_ABOUT_RETURN_TYPE = YES_ERROR;
				GCC_WARN_UNDECLARED_SELECTOR = YES;
				GCC_WARN_UNINITIALIZED_AUTOS = YES_AGGRESSIVE;
				GCC_WARN_UNUSED_FUNCTION = YES;
				GCC_WARN_UNUSED_VARIABLE = YES;
				IPHONEOS_DEPLOYMENT_TARGET = 15.0;
				MTL_ENABLE_DEBUG_INFO = NO;
				MTL_FAST_MATH = YES;
				SDKROOT = iphoneos;
				SWIFT_COMPILATION_MODE = wholemodule;
				SWIFT_OPTIMIZATION_LEVEL = "-O";
				VALIDATE_PRODUCT = YES;
			};
			name = Release;
		};
		EDD2B4C82912E9270008F465 /* Debug */ = {
			isa = XCBuildConfiguration;
			buildSettings = {
				ASSETCATALOG_COMPILER_APPICON_NAME = AppIcon;
				ASSETCATALOG_COMPILER_GLOBAL_ACCENT_COLOR_NAME = AccentColor;
				CODE_SIGN_STYLE = Automatic;
				CURRENT_PROJECT_VERSION = 1;
				DEVELOPMENT_ASSET_PATHS = "\"Comments/Preview Content\"";
				DEVELOPMENT_TEAM = Z89JGNW2AU;
				ENABLE_PREVIEWS = YES;
				GENERATE_INFOPLIST_FILE = YES;
				INFOPLIST_KEY_UIApplicationSceneManifest_Generation = YES;
				INFOPLIST_KEY_UIApplicationSupportsIndirectInputEvents = YES;
				INFOPLIST_KEY_UILaunchScreen_Generation = YES;
				INFOPLIST_KEY_UISupportedInterfaceOrientations_iPad = "UIInterfaceOrientationPortrait UIInterfaceOrientationPortraitUpsideDown UIInterfaceOrientationLandscapeLeft UIInterfaceOrientationLandscapeRight";
				INFOPLIST_KEY_UISupportedInterfaceOrientations_iPhone = "UIInterfaceOrientationPortrait UIInterfaceOrientationLandscapeLeft UIInterfaceOrientationLandscapeRight";
				LD_RUNPATH_SEARCH_PATHS = (
					"$(inherited)",
					"@executable_path/Frameworks",
				);
				MARKETING_VERSION = 1.0;
				PRODUCT_BUNDLE_IDENTIFIER = net.cwarner.Comments;
				PRODUCT_NAME = "$(TARGET_NAME)";
				SWIFT_EMIT_LOC_STRINGS = YES;
				SWIFT_VERSION = 5.0;
				TARGETED_DEVICE_FAMILY = "1,2";
			};
			name = Debug;
		};
		EDD2B4C92912E9270008F465 /* Release */ = {
			isa = XCBuildConfiguration;
			buildSettings = {
				ASSETCATALOG_COMPILER_APPICON_NAME = AppIcon;
				ASSETCATALOG_COMPILER_GLOBAL_ACCENT_COLOR_NAME = AccentColor;
				CODE_SIGN_STYLE = Automatic;
				CURRENT_PROJECT_VERSION = 1;
				DEVELOPMENT_ASSET_PATHS = "\"Comments/Preview Content\"";
				DEVELOPMENT_TEAM = Z89JGNW2AU;
				ENABLE_PREVIEWS = YES;
				GENERATE_INFOPLIST_FILE = YES;
				INFOPLIST_KEY_UIApplicationSceneManifest_Generation = YES;
				INFOPLIST_KEY_UIApplicationSupportsIndirectInputEvents = YES;
				INFOPLIST_KEY_UILaunchScreen_Generation = YES;
				INFOPLIST_KEY_UISupportedInterfaceOrientations_iPad = "UIInterfaceOrientationPortrait UIInterfaceOrientationPortraitUpsideDown UIInterfaceOrientationLandscapeLeft UIInterfaceOrientationLandscapeRight";
				INFOPLIST_KEY_UISupportedInterfaceOrientations_iPhone = "UIInterfaceOrientationPortrait UIInterfaceOrientationLandscapeLeft UIInterfaceOrientationLandscapeRight";
				LD_RUNPATH_SEARCH_PATHS = (
					"$(inherited)",
					"@executable_path/Frameworks",
				);
				MARKETING_VERSION = 1.0;
				PRODUCT_BUNDLE_IDENTIFIER = net.cwarner.Comments;
				PRODUCT_NAME = "$(TARGET_NAME)";
				SWIFT_EMIT_LOC_STRINGS = YES;
				SWIFT_VERSION = 5.0;
				TARGETED_DEVICE_FAMILY = "1,2";
			};
			name = Release;
		};
/* End XCBuildConfiguration section */

/* Begin XCConfigurationList section */
		EDD2B4B42912E9250008F465 /* Build configuration list for PBXProject "Comments" */ = {
			isa = XCConfigurationList;
			buildConfigurations = (
				EDD2B4C52912E9270008F465 /* Debug */,
				EDD2B4C62912E9270008F465 /* Release */,
			);
			defaultConfigurationIsVisible = 0;
			defaultConfigurationName = Release;
		};
		EDD2B4C72912E9270008F465 /* Build configuration list for PBXNativeTarget "Comments" */ = {
			isa = XCConfigurationList;
			buildConfigurations = (
				EDD2B4C82912E9270008F465 /* Debug */,
				EDD2B4C92912E9270008F465 /* Release */,
			);
			defaultConfigurationIsVisible = 0;
			defaultConfigurationName = Release;
		};
/* End XCConfigurationList section */
	};
	rootObject = EDD2B4B12912E9250008F465 /* Project object */;
}
